
Microsoft Visual Studio Solution File, Format Version 12.00
# Visual Studio 15
VisualStudioVersion = 15.0.28010.2019
MinimumVisualStudioVersion = 10.0.40219.1
Project("{8BC9CEB8-8B4A-11D0-8D11-00A0C91BC942}") = "Lab_No1_Size_of_types_Pak", "Lab_No1_Size_of_types_Pak\Lab_No1_Size_of_types_Pak.vcxproj", "{0044F7EC-A2CD-4E63-AC2A-405FC32B5848}"
EndProject
Project("{8BC9CEB8-8B4A-11D0-8D11-00A0C91BC942}") = "Lab_No2_Escape_sequence_Pak", "Lab_No2_Escape_sequence_Pak\Lab_No2_Escape_sequence_Pak.vcxproj", "{5FA835E5-FAC1-4475-A5E6-3FCB3CD2FAA2}"
EndProject
Project("{8BC9CEB8-8B4A-11D0-8D11-00A0C91BC942}") = "Lab_No3_Task_first_Pak", "Lab_No3_Task_first_Pak\Lab_No3_Task_first_Pak.vcxproj", "{CAF5D5DC-AD7E-47CF-81CD-EAFD5A4B1451}"
EndProject
Project("{8BC9CEB8-8B4A-11D0-8D11-00A0C91BC942}") = "Lab_No3_Task_second_Pak", "Lab_No3_Task_second_Pak\Lab_No3_Task_second_Pak.vcxproj", "{B2567945-97A1-4B8B-8B93-91B2415D9AC3}"
EndProject
Project("{8BC9CEB8-8B4A-11D0-8D11-00A0C91BC942}") = "Lab_No3_Task_third_Pak", "Lab_No3_Task_third_Pak\Lab_No3_Task_third_Pak.vcxproj", "{CDC47E83-1810-4BD1-BB93-C166A18BFDF3}"
EndProject
Project("{8BC9CEB8-8B4A-11D0-8D11-00A0C91BC942}") = "Lab_No3_Task_forth_Pak", "Lab_No3_Task_forth_Pak\Lab_No3_Task_forth_Pak.vcxproj", "{4DCD6614-02A2-4D6C-B400-901827D3BF37}"
EndProject
Project("{8BC9CEB8-8B4A-11D0-8D11-00A0C91BC942}") = "Lab_NoX_arrays_Pak", "Lab_NoX_arrays_Pak\Lab_NoX_arrays_Pak.vcxproj", "{E049F0BD-ECCF-4815-BA11-4C8EFE1E713F}"
EndProject
Global
	GlobalSection(SolutionConfigurationPlatforms) = preSolution
		Debug|x64 = Debug|x64
		Debug|x86 = Debug|x86
		Release|x64 = Release|x64
		Release|x86 = Release|x86
	EndGlobalSection
	GlobalSection(ProjectConfigurationPlatforms) = postSolution
		{0044F7EC-A2CD-4E63-AC2A-405FC32B5848}.Debug|x64.ActiveCfg = Debug|x64
		{0044F7EC-A2CD-4E63-AC2A-405FC32B5848}.Debug|x64.Build.0 = Debug|x64
		{0044F7EC-A2CD-4E63-AC2A-405FC32B5848}.Debug|x86.ActiveCfg = Debug|Win32
		{0044F7EC-A2CD-4E63-AC2A-405FC32B5848}.Debug|x86.Build.0 = Debug|Win32
		{0044F7EC-A2CD-4E63-AC2A-405FC32B5848}.Release|x64.ActiveCfg = Release|x64
		{0044F7EC-A2CD-4E63-AC2A-405FC32B5848}.Release|x64.Build.0 = Release|x64
		{0044F7EC-A2CD-4E63-AC2A-405FC32B5848}.Release|x86.ActiveCfg = Release|Win32
		{0044F7EC-A2CD-4E63-AC2A-405FC32B5848}.Release|x86.Build.0 = Release|Win32
		{5FA835E5-FAC1-4475-A5E6-3FCB3CD2FAA2}.Debug|x64.ActiveCfg = Debug|x64
		{5FA835E5-FAC1-4475-A5E6-3FCB3CD2FAA2}.Debug|x64.Build.0 = Debug|x64
		{5FA835E5-FAC1-4475-A5E6-3FCB3CD2FAA2}.Debug|x86.ActiveCfg = Debug|Win32
		{5FA835E5-FAC1-4475-A5E6-3FCB3CD2FAA2}.Debug|x86.Build.0 = Debug|Win32
		{5FA835E5-FAC1-4475-A5E6-3FCB3CD2FAA2}.Release|x64.ActiveCfg = Release|x64
		{5FA835E5-FAC1-4475-A5E6-3FCB3CD2FAA2}.Release|x64.Build.0 = Release|x64
		{5FA835E5-FAC1-4475-A5E6-3FCB3CD2FAA2}.Release|x86.ActiveCfg = Release|Win32
		{5FA835E5-FAC1-4475-A5E6-3FCB3CD2FAA2}.Release|x86.Build.0 = Release|Win32
		{CAF5D5DC-AD7E-47CF-81CD-EAFD5A4B1451}.Debug|x64.ActiveCfg = Debug|x64
		{CAF5D5DC-AD7E-47CF-81CD-EAFD5A4B1451}.Debug|x64.Build.0 = Debug|x64
		{CAF5D5DC-AD7E-47CF-81CD-EAFD5A4B1451}.Debug|x86.ActiveCfg = Debug|Win32
		{CAF5D5DC-AD7E-47CF-81CD-EAFD5A4B1451}.Debug|x86.Build.0 = Debug|Win32
		{CAF5D5DC-AD7E-47CF-81CD-EAFD5A4B1451}.Release|x64.ActiveCfg = Release|x64
		{CAF5D5DC-AD7E-47CF-81CD-EAFD5A4B1451}.Release|x64.Build.0 = Release|x64
		{CAF5D5DC-AD7E-47CF-81CD-EAFD5A4B1451}.Release|x86.ActiveCfg = Release|Win32
		{CAF5D5DC-AD7E-47CF-81CD-EAFD5A4B1451}.Release|x86.Build.0 = Release|Win32
		{B2567945-97A1-4B8B-8B93-91B2415D9AC3}.Debug|x64.ActiveCfg = Debug|x64
		{B2567945-97A1-4B8B-8B93-91B2415D9AC3}.Debug|x64.Build.0 = Debug|x64
		{B2567945-97A1-4B8B-8B93-91B2415D9AC3}.Debug|x86.ActiveCfg = Debug|Win32
		{B2567945-97A1-4B8B-8B93-91B2415D9AC3}.Debug|x86.Build.0 = Debug|Win32
		{B2567945-97A1-4B8B-8B93-91B2415D9AC3}.Release|x64.ActiveCfg = Release|x64
		{B2567945-97A1-4B8B-8B93-91B2415D9AC3}.Release|x64.Build.0 = Release|x64
		{B2567945-97A1-4B8B-8B93-91B2415D9AC3}.Release|x86.ActiveCfg = Release|Win32
		{B2567945-97A1-4B8B-8B93-91B2415D9AC3}.Release|x86.Build.0 = Release|Win32
		{CDC47E83-1810-4BD1-BB93-C166A18BFDF3}.Debug|x64.ActiveCfg = Debug|x64
		{CDC47E83-1810-4BD1-BB93-C166A18BFDF3}.Debug|x64.Build.0 = Debug|x64
		{CDC47E83-1810-4BD1-BB93-C166A18BFDF3}.Debug|x86.ActiveCfg = Debug|Win32
		{CDC47E83-1810-4BD1-BB93-C166A18BFDF3}.Debug|x86.Build.0 = Debug|Win32
		{CDC47E83-1810-4BD1-BB93-C166A18BFDF3}.Release|x64.ActiveCfg = Release|x64
		{CDC47E83-1810-4BD1-BB93-C166A18BFDF3}.Release|x64.Build.0 = Release|x64
		{CDC47E83-1810-4BD1-BB93-C166A18BFDF3}.Release|x86.ActiveCfg = Release|Win32
		{CDC47E83-1810-4BD1-BB93-C166A18BFDF3}.Release|x86.Build.0 = Release|Win32
		{4DCD6614-02A2-4D6C-B400-901827D3BF37}.Debug|x64.ActiveCfg = Debug|x64
		{4DCD6614-02A2-4D6C-B400-901827D3BF37}.Debug|x64.Build.0 = Debug|x64
		{4DCD6614-02A2-4D6C-B400-901827D3BF37}.Debug|x86.ActiveCfg = Debug|Win32
		{4DCD6614-02A2-4D6C-B400-901827D3BF37}.Debug|x86.Build.0 = Debug|Win32
		{4DCD6614-02A2-4D6C-B400-901827D3BF37}.Release|x64.ActiveCfg = Release|x64
		{4DCD6614-02A2-4D6C-B400-901827D3BF37}.Release|x64.Build.0 = Release|x64
		{4DCD6614-02A2-4D6C-B400-901827D3BF37}.Release|x86.ActiveCfg = Release|Win32
		{4DCD6614-02A2-4D6C-B400-901827D3BF37}.Release|x86.Build.0 = Release|Win32
		{E049F0BD-ECCF-4815-BA11-4C8EFE1E713F}.Debug|x64.ActiveCfg = Debug|x64
		{E049F0BD-ECCF-4815-BA11-4C8EFE1E713F}.Debug|x64.Build.0 = Debug|x64
		{E049F0BD-ECCF-4815-BA11-4C8EFE1E713F}.Debug|x86.ActiveCfg = Debug|Win32
		{E049F0BD-ECCF-4815-BA11-4C8EFE1E713F}.Debug|x86.Build.0 = Debug|Win32
		{E049F0BD-ECCF-4815-BA11-4C8EFE1E713F}.Release|x64.ActiveCfg = Release|x64
		{E049F0BD-ECCF-4815-BA11-4C8EFE1E713F}.Release|x64.Build.0 = Release|x64
		{E049F0BD-ECCF-4815-BA11-4C8EFE1E713F}.Release|x86.ActiveCfg = Release|Win32
		{E049F0BD-ECCF-4815-BA11-4C8EFE1E713F}.Release|x86.Build.0 = Release|Win32
	EndGlobalSection
	GlobalSection(SolutionProperties) = preSolution
		HideSolutionNode = FALSE
	EndGlobalSection
	GlobalSection(ExtensibilityGlobals) = postSolution
		SolutionGuid = {62E37808-9078-474A-8D68-2D891BB9682A}
	EndGlobalSection
EndGlobal
